{
  "name": "@thegraid/createjs-lib",
  "version": "1.0.28",
  "lockfileVersion": 2,
  "requires": true,
  "packages": {
    "": {
      "name": "@thegraid/createjs-lib",
      "version": "1.0.28",
      "license": "ISC",
      "dependencies": {
        "@thegraid/common-lib": "^1.3.10",
        "createjs-module": "^0.8.3",
        "moment": "^2.29.1",
        "tslib": "^2.3.1"
      }
    },
    "node_modules/@thegraid/common-lib": {
      "version": "1.3.10",
      "resolved": "https://registry.npmjs.org/@thegraid/common-lib/-/common-lib-1.3.10.tgz",
      "integrity": "sha512-OhWxuFqWwWfQuN1pP6QNNomNR1QrqqVsmawnMheivEkud2TXVx3ym+blpHQnEzxBWrXDZNDpdWHtyawp73G8jA==",
      "dependencies": {
        "moment": "^2.29.1",
        "tslib": "^2.3.1"
      }
    },
    "node_modules/createjs-module": {
      "version": "0.8.3",
      "resolved": "https://registry.npmjs.org/createjs-module/-/createjs-module-0.8.3.tgz",
      "integrity": "sha1-Mo/6LhR0HXMD09CL2XzhgjNldB8="
    },
    "node_modules/moment": {
      "version": "2.29.3",
      "resolved": "https://registry.npmjs.org/moment/-/moment-2.29.3.tgz",
      "integrity": "sha512-c6YRvhEo//6T2Jz/vVtYzqBzwvPT95JBQ+smCytzf7c50oMZRsR/a4w88aD34I+/QVSfnoAnSBFPJHItlOMJVw==",
      "engines": {
        "node": "*"
      }
    },
    "node_modules/tslib": {
      "version": "2.3.1",
      "resolved": "https://registry.npmjs.org/tslib/-/tslib-2.3.1.tgz",
      "integrity": "sha512-77EbyPPpMz+FRFRuAFlWMtmgUWGe9UOG2Z25NqCwiIjRhOf5iKGuzSe5P2w1laq+FkRy4p+PCuVkJSGkzTEKVw=="
    }
  },
  "dependencies": {
    "@thegraid/common-lib": {
      "version": "1.3.10",
      "resolved": "https://registry.npmjs.org/@thegraid/common-lib/-/common-lib-1.3.10.tgz",
      "integrity": "sha512-OhWxuFqWwWfQuN1pP6QNNomNR1QrqqVsmawnMheivEkud2TXVx3ym+blpHQnEzxBWrXDZNDpdWHtyawp73G8jA==",
      "requires": {
        "moment": "^2.29.1",
        "tslib": "^2.3.1"
      }
    },
    "createjs-module": {
      "version": "0.8.3",
      "resolved": "https://registry.npmjs.org/createjs-module/-/createjs-module-0.8.3.tgz",
      "integrity": "sha1-Mo/6LhR0HXMD09CL2XzhgjNldB8="
    },
    "moment": {
      "version": "2.29.3",
      "resolved": "https://registry.npmjs.org/moment/-/moment-2.29.3.tgz",
      "integrity": "sha512-c6YRvhEo//6T2Jz/vVtYzqBzwvPT95JBQ+smCytzf7c50oMZRsR/a4w88aD34I+/QVSfnoAnSBFPJHItlOMJVw=="
    },
    "tslib": {
      "version": "2.3.1",
      "resolved": "https://registry.npmjs.org/tslib/-/tslib-2.3.1.tgz",
      "integrity": "sha512-77EbyPPpMz+FRFRuAFlWMtmgUWGe9UOG2Z25NqCwiIjRhOf5iKGuzSe5P2w1laq+FkRy4p+PCuVkJSGkzTEKVw=="
    }
  }
}
