{
  "name": "@thegraid/createjs-lib",
  "version": "1.0.10",
  "lockfileVersion": 2,
  "requires": true,
  "packages": {
    "": {
      "name": "@thegraid/createjs-lib",
      "version": "1.0.10",
      "license": "ISC",
      "dependencies": {
        "@thegraid/common-lib": "^1.3.0",
        "createjs-module": "^0.8.3",
        "moment": "^2.29.1",
        "tslib": "^2.3.1"
      }
    },
    "node_modules/@thegraid/common-lib": {
      "version": "1.3.0",
      "resolved": "https://registry.npmjs.org/@thegraid/common-lib/-/common-lib-1.3.0.tgz",
      "integrity": "sha512-fZOiJhwzFM8ZUTDNkvbOBFmscCp/CS9yqv6oGzCCxXOJwFt4zEqqFJnhm0eHhfWCVqddwBTQ9k/rSZ64caKoIQ==",
      "dependencies": {
        "moment": "^2.29.1",
        "tslib": "^2.3.1"
      }
    },
    "node_modules/createjs-module": {
      "version": "0.8.3",
      "resolved": "https://registry.npmjs.org/createjs-module/-/createjs-module-0.8.3.tgz",
      "integrity": "sha1-Mo/6LhR0HXMD09CL2XzhgjNldB8="
    },
    "node_modules/moment": {
      "version": "2.29.1",
      "resolved": "https://registry.npmjs.org/moment/-/moment-2.29.1.tgz",
      "integrity": "sha512-kHmoybcPV8Sqy59DwNDY3Jefr64lK/by/da0ViFcuA4DH0vQg5Q6Ze5VimxkfQNSC+Mls/Kx53s7TjP1RhFEDQ==",
      "engines": {
        "node": "*"
      }
    },
    "node_modules/tslib": {
      "version": "2.3.1",
      "resolved": "https://registry.npmjs.org/tslib/-/tslib-2.3.1.tgz",
      "integrity": "sha512-77EbyPPpMz+FRFRuAFlWMtmgUWGe9UOG2Z25NqCwiIjRhOf5iKGuzSe5P2w1laq+FkRy4p+PCuVkJSGkzTEKVw=="
    }
  },
  "dependencies": {
    "@thegraid/common-lib": {
      "version": "1.3.0",
      "resolved": "https://registry.npmjs.org/@thegraid/common-lib/-/common-lib-1.3.0.tgz",
      "integrity": "sha512-fZOiJhwzFM8ZUTDNkvbOBFmscCp/CS9yqv6oGzCCxXOJwFt4zEqqFJnhm0eHhfWCVqddwBTQ9k/rSZ64caKoIQ==",
      "requires": {
        "moment": "^2.29.1",
        "tslib": "^2.3.1"
      }
    },
    "createjs-module": {
      "version": "0.8.3",
      "resolved": "https://registry.npmjs.org/createjs-module/-/createjs-module-0.8.3.tgz",
      "integrity": "sha1-Mo/6LhR0HXMD09CL2XzhgjNldB8="
    },
    "moment": {
      "version": "2.29.1",
      "resolved": "https://registry.npmjs.org/moment/-/moment-2.29.1.tgz",
      "integrity": "sha512-kHmoybcPV8Sqy59DwNDY3Jefr64lK/by/da0ViFcuA4DH0vQg5Q6Ze5VimxkfQNSC+Mls/Kx53s7TjP1RhFEDQ=="
    },
    "tslib": {
      "version": "2.3.1",
      "resolved": "https://registry.npmjs.org/tslib/-/tslib-2.3.1.tgz",
      "integrity": "sha512-77EbyPPpMz+FRFRuAFlWMtmgUWGe9UOG2Z25NqCwiIjRhOf5iKGuzSe5P2w1laq+FkRy4p+PCuVkJSGkzTEKVw=="
    }
  }
}
